
Microsoft Visual Studio Solution File, Format Version 12.00
# Visual Studio 15
VisualStudioVersion = 15.0.28010.2050
MinimumVisualStudioVersion = 10.0.40219.1
Project("{FAE04EC0-301F-11D3-BF4B-00C04F79EFBC}") = "Enumeracoes", "Enumeracoes\Enumeracoes.csproj", "{A49513F6-183E-47B1-A33A-48E6C8D90C3D}"
EndProject
Global
	GlobalSection(SolutionConfigurationPlatforms) = preSolution
		Debug|Any CPU = Debug|Any CPU
		Release|Any CPU = Release|Any CPU
	EndGlobalSection
	GlobalSection(ProjectConfigurationPlatforms) = postSolution
		{A49513F6-183E-47B1-A33A-48E6C8D90C3D}.Debug|Any CPU.ActiveCfg = Debug|Any CPU
		{A49513F6-183E-47B1-A33A-48E6C8D90C3D}.Debug|Any CPU.Build.0 = Debug|Any CPU
		{A49513F6-183E-47B1-A33A-48E6C8D90C3D}.Release|Any CPU.ActiveCfg = Release|Any CPU
		{A49513F6-183E-47B1-A33A-48E6C8D90C3D}.Release|Any CPU.Build.0 = Release|Any CPU
	EndGlobalSection
	GlobalSection(SolutionProperties) = preSolution
		HideSolutionNode = FALSE
	EndGlobalSection
	GlobalSection(ExtensibilityGlobals) = postSolution
		SolutionGuid = {526E0848-0663-4604-99C5-B7FC826D2CF4}
	EndGlobalSection
EndGlobal
